Microsoft Visual Studio Solution File, Format Version 12.00
# Visual Studio 2012
Project("{FAE04EC0-301F-11D3-BF4B-00C04F79EFBC}") = "Time Tracker", "Time Tracker.csproj", "{3BE0987A-A9C1-4460-907F-90655FE680EF}"
EndProject
Global
	GlobalSection(SolutionConfigurationPlatforms) = preSolution
	Debug|Any CPU = Debug|Any CPU
	ExportDebug|Any CPU = ExportDebug|Any CPU
	ExportRelease|Any CPU = ExportRelease|Any CPU
	EndGlobalSection
	GlobalSection(ProjectConfigurationPlatforms) = postSolution
		{3BE0987A-A9C1-4460-907F-90655FE680EF}.Debug|Any CPU.ActiveCfg = Debug|Any CPU
		{3BE0987A-A9C1-4460-907F-90655FE680EF}.Debug|Any CPU.Build.0 = Debug|Any CPU
		{3BE0987A-A9C1-4460-907F-90655FE680EF}.ExportDebug|Any CPU.ActiveCfg = ExportDebug|Any CPU
		{3BE0987A-A9C1-4460-907F-90655FE680EF}.ExportDebug|Any CPU.Build.0 = ExportDebug|Any CPU
		{3BE0987A-A9C1-4460-907F-90655FE680EF}.ExportRelease|Any CPU.ActiveCfg = ExportRelease|Any CPU
		{3BE0987A-A9C1-4460-907F-90655FE680EF}.ExportRelease|Any CPU.Build.0 = ExportRelease|Any CPU
	EndGlobalSection
EndGlobal
